
Microsoft Visual Studio Solution File, Format Version 12.00
# Visual Studio Version 17
VisualStudioVersion = 17.0.32014.148
MinimumVisualStudioVersion = 10.0.40219.1
Project("{FAE04EC0-301F-11D3-BF4B-00C04F79EFBC}") = "HeliosCommonCLI", "HeliosCommonCLI\HeliosCommonCLI.csproj", "{A71075F1-4F48-4082-A0A8-B7F22231B2A9}"
EndProject
Global
	GlobalSection(SolutionConfigurationPlatforms) = preSolution
		Debug|Any CPU = Debug|Any CPU
		Release|Any CPU = Release|Any CPU
	EndGlobalSection
	GlobalSection(ProjectConfigurationPlatforms) = postSolution
		{A71075F1-4F48-4082-A0A8-B7F22231B2A9}.Debug|Any CPU.ActiveCfg = Debug|Any CPU
		{A71075F1-4F48-4082-A0A8-B7F22231B2A9}.Debug|Any CPU.Build.0 = Debug|Any CPU
		{A71075F1-4F48-4082-A0A8-B7F22231B2A9}.Release|Any CPU.ActiveCfg = Release|Any CPU
		{A71075F1-4F48-4082-A0A8-B7F22231B2A9}.Release|Any CPU.Build.0 = Release|Any CPU
	EndGlobalSection
	GlobalSection(SolutionProperties) = preSolution
		HideSolutionNode = FALSE
	EndGlobalSection
	GlobalSection(ExtensibilityGlobals) = postSolution
		SolutionGuid = {B3A9FC75-12AE-4868-9AD9-7BECD171D274}
	EndGlobalSection
EndGlobal
